
Microsoft Visual Studio Solution File, Format Version 12.00
# Visual Studio Version 16
VisualStudioVersion = 16.0.30907.101
MinimumVisualStudioVersion = 10.0.40219.1
Project("{FAE04EC0-301F-11D3-BF4B-00C04F79EFBC}") = "Business", "Business\Business.csproj", "{04333FDB-1860-4B0A-9911-AEC8414C8EA5}"
EndProject
Project("{FAE04EC0-301F-11D3-BF4B-00C04F79EFBC}") = "DataAccess", "DataAccess\DataAccess.csproj", "{1673DD1A-DE41-4766-9673-81C706140DD6}"
EndProject
Project("{FAE04EC0-301F-11D3-BF4B-00C04F79EFBC}") = "Entities", "Entities\Entities.csproj", "{0D1ADAD1-81E8-4E52-A287-05BF98371C00}"
EndProject
Project("{FAE04EC0-301F-11D3-BF4B-00C04F79EFBC}") = "ConsoleUI", "ConsoleUI\ConsoleUI.csproj", "{8421B099-86E8-4586-8A5D-8C07ECB4F769}"
EndProject
Global
	GlobalSection(SolutionConfigurationPlatforms) = preSolution
		Debug|Any CPU = Debug|Any CPU
		Release|Any CPU = Release|Any CPU
	EndGlobalSection
	GlobalSection(ProjectConfigurationPlatforms) = postSolution
		{04333FDB-1860-4B0A-9911-AEC8414C8EA5}.Debug|Any CPU.ActiveCfg = Debug|Any CPU
		{04333FDB-1860-4B0A-9911-AEC8414C8EA5}.Debug|Any CPU.Build.0 = Debug|Any CPU
		{04333FDB-1860-4B0A-9911-AEC8414C8EA5}.Release|Any CPU.ActiveCfg = Release|Any CPU
		{04333FDB-1860-4B0A-9911-AEC8414C8EA5}.Release|Any CPU.Build.0 = Release|Any CPU
		{1673DD1A-DE41-4766-9673-81C706140DD6}.Debug|Any CPU.ActiveCfg = Debug|Any CPU
		{1673DD1A-DE41-4766-9673-81C706140DD6}.Debug|Any CPU.Build.0 = Debug|Any CPU
		{1673DD1A-DE41-4766-9673-81C706140DD6}.Release|Any CPU.ActiveCfg = Release|Any CPU
		{1673DD1A-DE41-4766-9673-81C706140DD6}.Release|Any CPU.Build.0 = Release|Any CPU
		{0D1ADAD1-81E8-4E52-A287-05BF98371C00}.Debug|Any CPU.ActiveCfg = Debug|Any CPU
		{0D1ADAD1-81E8-4E52-A287-05BF98371C00}.Debug|Any CPU.Build.0 = Debug|Any CPU
		{0D1ADAD1-81E8-4E52-A287-05BF98371C00}.Release|Any CPU.ActiveCfg = Release|Any CPU
		{0D1ADAD1-81E8-4E52-A287-05BF98371C00}.Release|Any CPU.Build.0 = Release|Any CPU
		{8421B099-86E8-4586-8A5D-8C07ECB4F769}.Debug|Any CPU.ActiveCfg = Debug|Any CPU
		{8421B099-86E8-4586-8A5D-8C07ECB4F769}.Debug|Any CPU.Build.0 = Debug|Any CPU
		{8421B099-86E8-4586-8A5D-8C07ECB4F769}.Release|Any CPU.ActiveCfg = Release|Any CPU
		{8421B099-86E8-4586-8A5D-8C07ECB4F769}.Release|Any CPU.Build.0 = Release|Any CPU
	EndGlobalSection
	GlobalSection(SolutionProperties) = preSolution
		HideSolutionNode = FALSE
	EndGlobalSection
	GlobalSection(ExtensibilityGlobals) = postSolution
		SolutionGuid = {E7368540-CFC3-47ED-9778-098976E275A4}
	EndGlobalSection
EndGlobal
